// !$*UTF8*$!
{
	archiveVersion = 1;
	classes = {
	};
	objectVersion = 46;
	objects = {

/* Begin PBXBuildFile section */
		B12746511732D7C7007BCCB6 /* LSLockScreenViewController.xib in Resources */ = {isa = PBXBuildFile; fileRef = B12746501732D7C7007BCCB6 /* LSLockScreenViewController.xib */; };
		B12746521732D7C7007BCCB6 /* LSLockScreenViewController.xib in Resources */ = {isa = PBXBuildFile; fileRef = B12746501732D7C7007BCCB6 /* LSLockScreenViewController.xib */; };
		B16CE60E171EE9E600976F97 /* LSImageFactory.m in Sources */ = {isa = PBXBuildFile; fileRef = B16CE60D171EE9E600976F97 /* LSImageFactory.m */; };
		B16CE60F171EE9E600976F97 /* LSImageFactory.m in Sources */ = {isa = PBXBuildFile; fileRef = B16CE60D171EE9E600976F97 /* LSImageFactory.m */; };
		B16CE63E171F0F1400976F97 /* CoreGraphics.framework in Frameworks */ = {isa = PBXBuildFile; fileRef = B1E7C0D2168A576000013CCB /* CoreGraphics.framework */; };
		B16CE641171F0F5A00976F97 /* LSLockScreenViewController.m in Sources */ = {isa = PBXBuildFile; fileRef = B16CE640171F0F5A00976F97 /* LSLockScreenViewController.m */; };
		B16CE642171F0F5A00976F97 /* LSLockScreenViewController.m in Sources */ = {isa = PBXBuildFile; fileRef = B16CE640171F0F5A00976F97 /* LSLockScreenViewController.m */; };
		B194DEDD171F91D200F6E633 /* QuartzCore.framework in Frameworks */ = {isa = PBXBuildFile; fileRef = B194DEDC171F91D200F6E633 /* QuartzCore.framework */; };
		B194DEDE171F954100F6E633 /* QuartzCore.framework in Frameworks */ = {isa = PBXBuildFile; fileRef = B194DEDC171F91D200F6E633 /* QuartzCore.framework */; };
		B194DEE2171F976B00F6E633 /* LSDropZoneView.m in Sources */ = {isa = PBXBuildFile; fileRef = B194DEE1171F976B00F6E633 /* LSDropZoneView.m */; };
		B194DEE3171F976B00F6E633 /* LSDropZoneView.m in Sources */ = {isa = PBXBuildFile; fileRef = B194DEE1171F976B00F6E633 /* LSDropZoneView.m */; };
		B1B1E508173444E800DEB0E8 /* sizeMedium@2x.png in Resources */ = {isa = PBXBuildFile; fileRef = B1B1E504173444E800DEB0E8 /* sizeMedium@2x.png */; };
		B1B1E509173444E800DEB0E8 /* sizeMedium@2x.png in Resources */ = {isa = PBXBuildFile; fileRef = B1B1E504173444E800DEB0E8 /* sizeMedium@2x.png */; };
		B1B1E50A173444E800DEB0E8 /* sizeSmall@2x.png in Resources */ = {isa = PBXBuildFile; fileRef = B1B1E505173444E800DEB0E8 /* sizeSmall@2x.png */; };
		B1B1E50B173444E800DEB0E8 /* sizeSmall@2x.png in Resources */ = {isa = PBXBuildFile; fileRef = B1B1E505173444E800DEB0E8 /* sizeSmall@2x.png */; };
		B1B1E50C173444E800DEB0E8 /* sizeNone@2x.png in Resources */ = {isa = PBXBuildFile; fileRef = B1B1E506173444E800DEB0E8 /* sizeNone@2x.png */; };
		B1B1E50D173444E800DEB0E8 /* sizeNone@2x.png in Resources */ = {isa = PBXBuildFile; fileRef = B1B1E506173444E800DEB0E8 /* sizeNone@2x.png */; };
		B1B1E50E173444E800DEB0E8 /* sizeLarge@2x.png in Resources */ = {isa = PBXBuildFile; fileRef = B1B1E507173444E800DEB0E8 /* sizeLarge@2x.png */; };
		B1B1E50F173444E800DEB0E8 /* sizeLarge@2x.png in Resources */ = {isa = PBXBuildFile; fileRef = B1B1E507173444E800DEB0E8 /* sizeLarge@2x.png */; };
		B1B1E5131734456300DEB0E8 /* shapeCircle@2x.png in Resources */ = {isa = PBXBuildFile; fileRef = B1B1E5101734456300DEB0E8 /* shapeCircle@2x.png */; };
		B1B1E5141734456300DEB0E8 /* shapeCircle@2x.png in Resources */ = {isa = PBXBuildFile; fileRef = B1B1E5101734456300DEB0E8 /* shapeCircle@2x.png */; };
		B1B1E5151734456300DEB0E8 /* shapeSquare@2x.png in Resources */ = {isa = PBXBuildFile; fileRef = B1B1E5111734456300DEB0E8 /* shapeSquare@2x.png */; };
		B1B1E5161734456300DEB0E8 /* shapeSquare@2x.png in Resources */ = {isa = PBXBuildFile; fileRef = B1B1E5111734456300DEB0E8 /* shapeSquare@2x.png */; };
		B1B1E5171734456300DEB0E8 /* shapeTriangle@2x.png in Resources */ = {isa = PBXBuildFile; fileRef = B1B1E5121734456300DEB0E8 /* shapeTriangle@2x.png */; };
		B1B1E5181734456300DEB0E8 /* shapeTriangle@2x.png in Resources */ = {isa = PBXBuildFile; fileRef = B1B1E5121734456300DEB0E8 /* shapeTriangle@2x.png */; };
		B1B1E51A173445E500DEB0E8 /* shapeNone@2x.png in Resources */ = {isa = PBXBuildFile; fileRef = B1B1E519173445E500DEB0E8 /* shapeNone@2x.png */; };
		B1B1E51B173445E500DEB0E8 /* shapeNone@2x.png in Resources */ = {isa = PBXBuildFile; fileRef = B1B1E519173445E500DEB0E8 /* shapeNone@2x.png */; };
		B1B7BF9D17340B4C0060D38C /* LSHomeViewController.m in Sources */ = {isa = PBXBuildFile; fileRef = B1B7BF9B17340B4C0060D38C /* LSHomeViewController.m */; };
		B1B7BF9E17340B4C0060D38C /* LSHomeViewController.m in Sources */ = {isa = PBXBuildFile; fileRef = B1B7BF9B17340B4C0060D38C /* LSHomeViewController.m */; };
		B1B7BF9F17340B4C0060D38C /* LSHomeViewController.xib in Resources */ = {isa = PBXBuildFile; fileRef = B1B7BF9C17340B4C0060D38C /* LSHomeViewController.xib */; };
		B1B7BFA017340B4C0060D38C /* LSHomeViewController.xib in Resources */ = {isa = PBXBuildFile; fileRef = B1B7BF9C17340B4C0060D38C /* LSHomeViewController.xib */; };
		B1B7BFA417340EBD0060D38C /* LSPasswordPickerViewController.m in Sources */ = {isa = PBXBuildFile; fileRef = B1B7BFA217340EBD0060D38C /* LSPasswordPickerViewController.m */; };
		B1B7BFA517340EBD0060D38C /* LSPasswordPickerViewController.m in Sources */ = {isa = PBXBuildFile; fileRef = B1B7BFA217340EBD0060D38C /* LSPasswordPickerViewController.m */; };
		B1B7BFAA173419770060D38C /* LSPasswordPickerCell.m in Sources */ = {isa = PBXBuildFile; fileRef = B1B7BFA9173419770060D38C /* LSPasswordPickerCell.m */; };
		B1B7BFAB173419770060D38C /* LSPasswordPickerCell.m in Sources */ = {isa = PBXBuildFile; fileRef = B1B7BFA9173419770060D38C /* LSPasswordPickerCell.m */; };
		B1B7BFAD173419890060D38C /* LSPasswordPickerCell.xib in Resources */ = {isa = PBXBuildFile; fileRef = B1B7BFAC173419890060D38C /* LSPasswordPickerCell.xib */; };
		B1B7BFAE173419890060D38C /* LSPasswordPickerCell.xib in Resources */ = {isa = PBXBuildFile; fileRef = B1B7BFAC173419890060D38C /* LSPasswordPickerCell.xib */; };
		B1B7BFB3173424280060D38C /* LSPasswordPickerViewController.xib in Resources */ = {isa = PBXBuildFile; fileRef = B1B7BFB2173424280060D38C /* LSPasswordPickerViewController.xib */; };
		B1B7BFB4173424280060D38C /* LSPasswordPickerViewController.xib in Resources */ = {isa = PBXBuildFile; fileRef = B1B7BFB2173424280060D38C /* LSPasswordPickerViewController.xib */; };
		B1B7BFB6173434190060D38C /* color@2x.png in Resources */ = {isa = PBXBuildFile; fileRef = B1B7BFB5173434190060D38C /* color@2x.png */; };
		B1B7BFB7173434190060D38C /* color@2x.png in Resources */ = {isa = PBXBuildFile; fileRef = B1B7BFB5173434190060D38C /* color@2x.png */; };
		B1B7BFBA1734345E0060D38C /* color.png in Resources */ = {isa = PBXBuildFile; fileRef = B1B7BFB91734345E0060D38C /* color.png */; };
		B1B7BFBB1734345E0060D38C /* color.png in Resources */ = {isa = PBXBuildFile; fileRef = B1B7BFB91734345E0060D38C /* color.png */; };
		B1E4188B171783CD00B63C2D /* SenTestingKit.framework in Frameworks */ = {isa = PBXBuildFile; fileRef = B1E418831717831C00B63C2D /* SenTestingKit.framework */; };
		B1E4188C171783CD00B63C2D /* UIKit.framework in Frameworks */ = {isa = PBXBuildFile; fileRef = B1E7C0CE168A576000013CCB /* UIKit.framework */; };
		B1E4188D171783CD00B63C2D /* Foundation.framework in Frameworks */ = {isa = PBXBuildFile; fileRef = B1E7C0D0168A576000013CCB /* Foundation.framework */; };
		B1E41893171783CD00B63C2D /* InfoPlist.strings in Resources */ = {isa = PBXBuildFile; fileRef = B1E41891171783CD00B63C2D /* InfoPlist.strings */; };
		B1E4189B1717842B00B63C2D /* LSPasswordCharacterTests.m in Sources */ = {isa = PBXBuildFile; fileRef = B1E418811717828700B63C2D /* LSPasswordCharacterTests.m */; };
		B1E4189C1717843900B63C2D /* LSPasswordCharacter.m in Sources */ = {isa = PBXBuildFile; fileRef = B1E7C0EC168A577B00013CCB /* LSPasswordCharacter.m */; };
		B1E4189D1717843C00B63C2D /* LSPassword.m in Sources */ = {isa = PBXBuildFile; fileRef = B1E7C0F7168A59E200013CCB /* LSPassword.m */; };
		B1E418A01717884800B63C2D /* LSPasswordTests.m in Sources */ = {isa = PBXBuildFile; fileRef = B1E4189F1717884800B63C2D /* LSPasswordTests.m */; };
		B1E4192A1718774100B63C2D /* LSUtils.m in Sources */ = {isa = PBXBuildFile; fileRef = B1E419291718774100B63C2D /* LSUtils.m */; };
		B1E4192B1718774100B63C2D /* LSUtils.m in Sources */ = {isa = PBXBuildFile; fileRef = B1E419291718774100B63C2D /* LSUtils.m */; };
		B1E4192E1718779400B63C2D /* LSUtilsTest.m in Sources */ = {isa = PBXBuildFile; fileRef = B1E4192D1718779400B63C2D /* LSUtilsTest.m */; };
		B1E7C0CF168A576000013CCB /* UIKit.framework in Frameworks */ = {isa = PBXBuildFile; fileRef = B1E7C0CE168A576000013CCB /* UIKit.framework */; };
		B1E7C0D1168A576000013CCB /* Foundation.framework in Frameworks */ = {isa = PBXBuildFile; fileRef = B1E7C0D0168A576000013CCB /* Foundation.framework */; };
		B1E7C0D3168A576000013CCB /* CoreGraphics.framework in Frameworks */ = {isa = PBXBuildFile; fileRef = B1E7C0D2168A576000013CCB /* CoreGraphics.framework */; };
		B1E7C0D9168A576000013CCB /* InfoPlist.strings in Resources */ = {isa = PBXBuildFile; fileRef = B1E7C0D7168A576000013CCB /* InfoPlist.strings */; };
		B1E7C0DB168A576000013CCB /* main.m in Sources */ = {isa = PBXBuildFile; fileRef = B1E7C0DA168A576000013CCB /* main.m */; };
		B1E7C0DF168A576000013CCB /* LSAppDelegate.m in Sources */ = {isa = PBXBuildFile; fileRef = B1E7C0DE168A576000013CCB /* LSAppDelegate.m */; };
		B1E7C0E1168A576000013CCB /* Default.png in Resources */ = {isa = PBXBuildFile; fileRef = B1E7C0E0168A576000013CCB /* Default.png */; };
		B1E7C0E3168A576000013CCB /* Default@2x.png in Resources */ = {isa = PBXBuildFile; fileRef = B1E7C0E2168A576000013CCB /* Default@2x.png */; };
		B1E7C0E5168A576000013CCB /* Default-568h@2x.png in Resources */ = {isa = PBXBuildFile; fileRef = B1E7C0E4168A576000013CCB /* Default-568h@2x.png */; };
		B1E7C0ED168A577B00013CCB /* LSPasswordCharacter.m in Sources */ = {isa = PBXBuildFile; fileRef = B1E7C0EC168A577B00013CCB /* LSPasswordCharacter.m */; };
		B1E7C0F8168A59E200013CCB /* LSPassword.m in Sources */ = {isa = PBXBuildFile; fileRef = B1E7C0F7168A59E200013CCB /* LSPassword.m */; };
/* End PBXBuildFile section */

/* Begin PBXFileReference section */
		B12746501732D7C7007BCCB6 /* LSLockScreenViewController.xib */ = {isa = PBXFileReference; fileEncoding = 4; lastKnownFileType = file.xib; path = LSLockScreenViewController.xib; sourceTree = "<group>"; };
		B16CE60C171EE9E600976F97 /* LSImageFactory.h */ = {isa = PBXFileReference; fileEncoding = 4; lastKnownFileType = sourcecode.c.h; path = LSImageFactory.h; sourceTree = "<group>"; };
		B16CE60D171EE9E600976F97 /* LSImageFactory.m */ = {isa = PBXFileReference; fileEncoding = 4; lastKnownFileType = sourcecode.c.objc; path = LSImageFactory.m; sourceTree = "<group>"; };
		B16CE63F171F0F5A00976F97 /* LSLockScreenViewController.h */ = {isa = PBXFileReference; fileEncoding = 4; lastKnownFileType = sourcecode.c.h; path = LSLockScreenViewController.h; sourceTree = "<group>"; };
		B16CE640171F0F5A00976F97 /* LSLockScreenViewController.m */ = {isa = PBXFileReference; fileEncoding = 4; lastKnownFileType = sourcecode.c.objc; path = LSLockScreenViewController.m; sourceTree = "<group>"; };
		B194DEDC171F91D200F6E633 /* QuartzCore.framework */ = {isa = PBXFileReference; lastKnownFileType = wrapper.framework; name = QuartzCore.framework; path = System/Library/Frameworks/QuartzCore.framework; sourceTree = SDKROOT; };
		B194DEE0171F976B00F6E633 /* LSDropZoneView.h */ = {isa = PBXFileReference; fileEncoding = 4; lastKnownFileType = sourcecode.c.h; path = LSDropZoneView.h; sourceTree = "<group>"; };
		B194DEE1171F976B00F6E633 /* LSDropZoneView.m */ = {isa = PBXFileReference; fileEncoding = 4; lastKnownFileType = sourcecode.c.objc; path = LSDropZoneView.m; sourceTree = "<group>"; };
		B1B1E504173444E800DEB0E8 /* sizeMedium@2x.png */ = {isa = PBXFileReference; lastKnownFileType = image.png; path = "sizeMedium@2x.png"; sourceTree = "<group>"; };
		B1B1E505173444E800DEB0E8 /* sizeSmall@2x.png */ = {isa = PBXFileReference; lastKnownFileType = image.png; path = "sizeSmall@2x.png"; sourceTree = "<group>"; };
		B1B1E506173444E800DEB0E8 /* sizeNone@2x.png */ = {isa = PBXFileReference; lastKnownFileType = image.png; path = "sizeNone@2x.png"; sourceTree = "<group>"; };
		B1B1E507173444E800DEB0E8 /* sizeLarge@2x.png */ = {isa = PBXFileReference; lastKnownFileType = image.png; path = "sizeLarge@2x.png"; sourceTree = "<group>"; };
		B1B1E5101734456300DEB0E8 /* shapeCircle@2x.png */ = {isa = PBXFileReference; lastKnownFileType = image.png; path = "shapeCircle@2x.png"; sourceTree = "<group>"; };
		B1B1E5111734456300DEB0E8 /* shapeSquare@2x.png */ = {isa = PBXFileReference; lastKnownFileType = image.png; path = "shapeSquare@2x.png"; sourceTree = "<group>"; };
		B1B1E5121734456300DEB0E8 /* shapeTriangle@2x.png */ = {isa = PBXFileReference; lastKnownFileType = image.png; path = "shapeTriangle@2x.png"; sourceTree = "<group>"; };
		B1B1E519173445E500DEB0E8 /* shapeNone@2x.png */ = {isa = PBXFileReference; lastKnownFileType = image.png; path = "shapeNone@2x.png"; sourceTree = "<group>"; };
		B1B7BF9A17340B4C0060D38C /* LSHomeViewController.h */ = {isa = PBXFileReference; fileEncoding = 4; lastKnownFileType = sourcecode.c.h; path = LSHomeViewController.h; sourceTree = "<group>"; };
		B1B7BF9B17340B4C0060D38C /* LSHomeViewController.m */ = {isa = PBXFileReference; fileEncoding = 4; lastKnownFileType = sourcecode.c.objc; path = LSHomeViewController.m; sourceTree = "<group>"; };
		B1B7BF9C17340B4C0060D38C /* LSHomeViewController.xib */ = {isa = PBXFileReference; fileEncoding = 4; lastKnownFileType = file.xib; path = LSHomeViewController.xib; sourceTree = "<group>"; };
		B1B7BFA117340EBD0060D38C /* LSPasswordPickerViewController.h */ = {isa = PBXFileReference; fileEncoding = 4; lastKnownFileType = sourcecode.c.h; path = LSPasswordPickerViewController.h; sourceTree = "<group>"; };
		B1B7BFA217340EBD0060D38C /* LSPasswordPickerViewController.m */ = {isa = PBXFileReference; fileEncoding = 4; lastKnownFileType = sourcecode.c.objc; path = LSPasswordPickerViewController.m; sourceTree = "<group>"; };
		B1B7BFA8173419770060D38C /* LSPasswordPickerCell.h */ = {isa = PBXFileReference; fileEncoding = 4; lastKnownFileType = sourcecode.c.h; path = LSPasswordPickerCell.h; sourceTree = "<group>"; };
		B1B7BFA9173419770060D38C /* LSPasswordPickerCell.m */ = {isa = PBXFileReference; fileEncoding = 4; lastKnownFileType = sourcecode.c.objc; path = LSPasswordPickerCell.m; sourceTree = "<group>"; };
		B1B7BFAC173419890060D38C /* LSPasswordPickerCell.xib */ = {isa = PBXFileReference; fileEncoding = 4; lastKnownFileType = file.xib; path = LSPasswordPickerCell.xib; sourceTree = "<group>"; };
		B1B7BFB2173424280060D38C /* LSPasswordPickerViewController.xib */ = {isa = PBXFileReference; fileEncoding = 4; lastKnownFileType = file.xib; path = LSPasswordPickerViewController.xib; sourceTree = "<group>"; };
		B1B7BFB5173434190060D38C /* color@2x.png */ = {isa = PBXFileReference; lastKnownFileType = image.png; path = "color@2x.png"; sourceTree = "<group>"; };
		B1B7BFB91734345E0060D38C /* color.png */ = {isa = PBXFileReference; lastKnownFileType = image.png; path = color.png; sourceTree = "<group>"; };
		B1E418801717828700B63C2D /* LSPasswordCharacterTests.h */ = {isa = PBXFileReference; fileEncoding = 4; lastKnownFileType = sourcecode.c.h; name = LSPasswordCharacterTests.h; path = ../LockScreen/LSPasswordCharacterTests.h; sourceTree = "<group>"; };
		B1E418811717828700B63C2D /* LSPasswordCharacterTests.m */ = {isa = PBXFileReference; fileEncoding = 4; lastKnownFileType = sourcecode.c.objc; name = LSPasswordCharacterTests.m; path = ../LockScreen/LSPasswordCharacterTests.m; sourceTree = "<group>"; };
		B1E418831717831C00B63C2D /* SenTestingKit.framework */ = {isa = PBXFileReference; lastKnownFileType = wrapper.framework; name = SenTestingKit.framework; path = Library/Frameworks/SenTestingKit.framework; sourceTree = DEVELOPER_DIR; };
		B1E4188A171783CD00B63C2D /* LSTest.octest */ = {isa = PBXFileReference; explicitFileType = wrapper.cfbundle; includeInIndex = 0; path = LSTest.octest; sourceTree = BUILT_PRODUCTS_DIR; };
		B1E41890171783CD00B63C2D /* LSTest-Info.plist */ = {isa = PBXFileReference; lastKnownFileType = text.plist.xml; path = "LSTest-Info.plist"; sourceTree = "<group>"; };
		B1E41892171783CD00B63C2D /* en */ = {isa = PBXFileReference; lastKnownFileType = text.plist.strings; name = en; path = en.lproj/InfoPlist.strings; sourceTree = "<group>"; };
		B1E41897171783CD00B63C2D /* LSTest-Prefix.pch */ = {isa = PBXFileReference; lastKnownFileType = sourcecode.c.h; path = "LSTest-Prefix.pch"; sourceTree = "<group>"; };
		B1E4189E1717884800B63C2D /* LSPasswordTests.h */ = {isa = PBXFileReference; fileEncoding = 4; lastKnownFileType = sourcecode.c.h; path = LSPasswordTests.h; sourceTree = "<group>"; };
		B1E4189F1717884800B63C2D /* LSPasswordTests.m */ = {isa = PBXFileReference; fileEncoding = 4; lastKnownFileType = sourcecode.c.objc; path = LSPasswordTests.m; sourceTree = "<group>"; };
		B1E419281718774100B63C2D /* LSUtils.h */ = {isa = PBXFileReference; fileEncoding = 4; lastKnownFileType = sourcecode.c.h; path = LSUtils.h; sourceTree = "<group>"; };
		B1E419291718774100B63C2D /* LSUtils.m */ = {isa = PBXFileReference; fileEncoding = 4; lastKnownFileType = sourcecode.c.objc; path = LSUtils.m; sourceTree = "<group>"; };
		B1E4192C1718779400B63C2D /* LSUtilsTest.h */ = {isa = PBXFileReference; fileEncoding = 4; lastKnownFileType = sourcecode.c.h; path = LSUtilsTest.h; sourceTree = "<group>"; };
		B1E4192D1718779400B63C2D /* LSUtilsTest.m */ = {isa = PBXFileReference; fileEncoding = 4; lastKnownFileType = sourcecode.c.objc; path = LSUtilsTest.m; sourceTree = "<group>"; };
		B1E7C0CA168A576000013CCB /* LockScreen.app */ = {isa = PBXFileReference; explicitFileType = wrapper.application; includeInIndex = 0; path = LockScreen.app; sourceTree = BUILT_PRODUCTS_DIR; };
		B1E7C0CE168A576000013CCB /* UIKit.framework */ = {isa = PBXFileReference; lastKnownFileType = wrapper.framework; name = UIKit.framework; path = System/Library/Frameworks/UIKit.framework; sourceTree = SDKROOT; };
		B1E7C0D0168A576000013CCB /* Foundation.framework */ = {isa = PBXFileReference; lastKnownFileType = wrapper.framework; name = Foundation.framework; path = System/Library/Frameworks/Foundation.framework; sourceTree = SDKROOT; };
		B1E7C0D2168A576000013CCB /* CoreGraphics.framework */ = {isa = PBXFileReference; lastKnownFileType = wrapper.framework; name = CoreGraphics.framework; path = System/Library/Frameworks/CoreGraphics.framework; sourceTree = SDKROOT; };
		B1E7C0D6168A576000013CCB /* LockScreen-Info.plist */ = {isa = PBXFileReference; lastKnownFileType = text.plist.xml; path = "LockScreen-Info.plist"; sourceTree = "<group>"; };
		B1E7C0D8168A576000013CCB /* en */ = {isa = PBXFileReference; lastKnownFileType = text.plist.strings; name = en; path = en.lproj/InfoPlist.strings; sourceTree = "<group>"; };
		B1E7C0DA168A576000013CCB /* main.m */ = {isa = PBXFileReference; lastKnownFileType = sourcecode.c.objc; path = main.m; sourceTree = "<group>"; };
		B1E7C0DC168A576000013CCB /* LockScreen-Prefix.pch */ = {isa = PBXFileReference; lastKnownFileType = sourcecode.c.h; path = "LockScreen-Prefix.pch"; sourceTree = "<group>"; };
		B1E7C0DD168A576000013CCB /* LSAppDelegate.h */ = {isa = PBXFileReference; lastKnownFileType = sourcecode.c.h; path = LSAppDelegate.h; sourceTree = "<group>"; };
		B1E7C0DE168A576000013CCB /* LSAppDelegate.m */ = {isa = PBXFileReference; lastKnownFileType = sourcecode.c.objc; path = LSAppDelegate.m; sourceTree = "<group>"; };
		B1E7C0E0168A576000013CCB /* Default.png */ = {isa = PBXFileReference; lastKnownFileType = image.png; path = Default.png; sourceTree = "<group>"; };
		B1E7C0E2168A576000013CCB /* Default@2x.png */ = {isa = PBXFileReference; lastKnownFileType = image.png; path = "Default@2x.png"; sourceTree = "<group>"; };
		B1E7C0E4168A576000013CCB /* Default-568h@2x.png */ = {isa = PBXFileReference; lastKnownFileType = image.png; path = "Default-568h@2x.png"; sourceTree = "<group>"; };
		B1E7C0EB168A577B00013CCB /* LSPasswordCharacter.h */ = {isa = PBXFileReference; fileEncoding = 4; lastKnownFileType = sourcecode.c.h; name = LSPasswordCharacter.h; path = Model/LSPasswordCharacter.h; sourceTree = "<group>"; };
		B1E7C0EC168A577B00013CCB /* LSPasswordCharacter.m */ = {isa = PBXFileReference; fileEncoding = 4; lastKnownFileType = sourcecode.c.objc; name = LSPasswordCharacter.m; path = Model/LSPasswordCharacter.m; sourceTree = "<group>"; };
		B1E7C0F6168A59E200013CCB /* LSPassword.h */ = {isa = PBXFileReference; fileEncoding = 4; lastKnownFileType = sourcecode.c.h; name = LSPassword.h; path = Model/LSPassword.h; sourceTree = "<group>"; };
		B1E7C0F7168A59E200013CCB /* LSPassword.m */ = {isa = PBXFileReference; fileEncoding = 4; lastKnownFileType = sourcecode.c.objc; name = LSPassword.m; path = Model/LSPassword.m; sourceTree = "<group>"; };
		B1FB4F6E1720954B0056156A /* LSLockScreen-Prefix.pch */ = {isa = PBXFileReference; lastKnownFileType = sourcecode.c.h; path = "LSLockScreen-Prefix.pch"; sourceTree = "<group>"; };
/* End PBXFileReference section */

/* Begin PBXFrameworksBuildPhase section */
		B1E41886171783CD00B63C2D /* Frameworks */ = {
			isa = PBXFrameworksBuildPhase;
			buildActionMask = 2147483647;
			files = (
				B194DEDD171F91D200F6E633 /* QuartzCore.framework in Frameworks */,
				B16CE63E171F0F1400976F97 /* CoreGraphics.framework in Frameworks */,
				B1E4188B171783CD00B63C2D /* SenTestingKit.framework in Frameworks */,
				B1E4188C171783CD00B63C2D /* UIKit.framework in Frameworks */,
				B1E4188D171783CD00B63C2D /* Foundation.framework in Frameworks */,
			);
			runOnlyForDeploymentPostprocessing = 0;
		};
		B1E7C0C7168A576000013CCB /* Frameworks */ = {
			isa = PBXFrameworksBuildPhase;
			buildActionMask = 2147483647;
			files = (
				B194DEDE171F954100F6E633 /* QuartzCore.framework in Frameworks */,
				B1E7C0CF168A576000013CCB /* UIKit.framework in Frameworks */,
				B1E7C0D1168A576000013CCB /* Foundation.framework in Frameworks */,
				B1E7C0D3168A576000013CCB /* CoreGraphics.framework in Frameworks */,
			);
			runOnlyForDeploymentPostprocessing = 0;
		};
/* End PBXFrameworksBuildPhase section */

/* Begin PBXGroup section */
		B194DEDF171F975D00F6E633 /* View */ = {
			isa = PBXGroup;
			children = (
				B194DEE0171F976B00F6E633 /* LSDropZoneView.h */,
				B194DEE1171F976B00F6E633 /* LSDropZoneView.m */,
				B1B7BFA8173419770060D38C /* LSPasswordPickerCell.h */,
				B1B7BFA9173419770060D38C /* LSPasswordPickerCell.m */,
				B1B7BFAC173419890060D38C /* LSPasswordPickerCell.xib */,
			);
			name = View;
			sourceTree = "<group>";
		};
		B1B7BF9917340B260060D38C /* LockScreen Library */ = {
			isa = PBXGroup;
			children = (
				B1B7BFB81734341D0060D38C /* Resources */,
				B194DEDF171F975D00F6E633 /* View */,
				B1E7C0F2168A57AB00013CCB /* Controllers */,
				B1E7C0EE168A577E00013CCB /* Model */,
				B1E4192F1718882500B63C2D /* Util */,
			);
			name = "LockScreen Library";
			sourceTree = "<group>";
		};
		B1B7BFB81734341D0060D38C /* Resources */ = {
			isa = PBXGroup;
			children = (
				B1B7BFB5173434190060D38C /* color@2x.png */,
				B1B7BFB91734345E0060D38C /* color.png */,
				B1B1E504173444E800DEB0E8 /* sizeMedium@2x.png */,
				B1B1E505173444E800DEB0E8 /* sizeSmall@2x.png */,
				B1B1E506173444E800DEB0E8 /* sizeNone@2x.png */,
				B1B1E507173444E800DEB0E8 /* sizeLarge@2x.png */,
				B1B1E519173445E500DEB0E8 /* shapeNone@2x.png */,
				B1B1E5101734456300DEB0E8 /* shapeCircle@2x.png */,
				B1B1E5111734456300DEB0E8 /* shapeSquare@2x.png */,
				B1B1E5121734456300DEB0E8 /* shapeTriangle@2x.png */,
			);
			name = Resources;
			sourceTree = "<group>";
		};
		B1E4188E171783CD00B63C2D /* LSTest */ = {
			isa = PBXGroup;
			children = (
				B1E418801717828700B63C2D /* LSPasswordCharacterTests.h */,
				B1E418811717828700B63C2D /* LSPasswordCharacterTests.m */,
				B1E4189E1717884800B63C2D /* LSPasswordTests.h */,
				B1E4189F1717884800B63C2D /* LSPasswordTests.m */,
				B1E4192C1718779400B63C2D /* LSUtilsTest.h */,
				B1E4192D1718779400B63C2D /* LSUtilsTest.m */,
				B1E4188F171783CD00B63C2D /* Supporting Files */,
			);
			path = LSTest;
			sourceTree = "<group>";
		};
		B1E4188F171783CD00B63C2D /* Supporting Files */ = {
			isa = PBXGroup;
			children = (
				B1E41890171783CD00B63C2D /* LSTest-Info.plist */,
				B1E41891171783CD00B63C2D /* InfoPlist.strings */,
				B1E41897171783CD00B63C2D /* LSTest-Prefix.pch */,
			);
			name = "Supporting Files";
			sourceTree = "<group>";
		};
		B1E4192F1718882500B63C2D /* Util */ = {
			isa = PBXGroup;
			children = (
				B1E419281718774100B63C2D /* LSUtils.h */,
				B1E419291718774100B63C2D /* LSUtils.m */,
				B16CE60C171EE9E600976F97 /* LSImageFactory.h */,
				B16CE60D171EE9E600976F97 /* LSImageFactory.m */,
			);
			name = Util;
			sourceTree = "<group>";
		};
		B1E7C0BF168A576000013CCB = {
			isa = PBXGroup;
			children = (
				B1E7C0D4168A576000013CCB /* LockScreen */,
				B1E4188E171783CD00B63C2D /* LSTest */,
				B1FB4F6C1720954B0056156A /* LSLockScreen */,
				B1E7C0CD168A576000013CCB /* Frameworks */,
				B1E7C0CB168A576000013CCB /* Products */,
			);
			sourceTree = "<group>";
		};
		B1E7C0CB168A576000013CCB /* Products */ = {
			isa = PBXGroup;
			children = (
				B1E7C0CA168A576000013CCB /* LockScreen.app */,
				B1E4188A171783CD00B63C2D /* LSTest.octest */,
			);
			name = Products;
			sourceTree = "<group>";
		};
		B1E7C0CD168A576000013CCB /* Frameworks */ = {
			isa = PBXGroup;
			children = (
				B194DEDC171F91D200F6E633 /* QuartzCore.framework */,
				B1E418831717831C00B63C2D /* SenTestingKit.framework */,
				B1E7C0CE168A576000013CCB /* UIKit.framework */,
				B1E7C0D0168A576000013CCB /* Foundation.framework */,
				B1E7C0D2168A576000013CCB /* CoreGraphics.framework */,
			);
			name = Frameworks;
			sourceTree = "<group>";
		};
		B1E7C0D4168A576000013CCB /* LockScreen */ = {
			isa = PBXGroup;
			children = (
				B1B7BF9917340B260060D38C /* LockScreen Library */,
				B1E7C0D5168A576000013CCB /* Supporting Files */,
				B1B7BF9A17340B4C0060D38C /* LSHomeViewController.h */,
				B1B7BF9B17340B4C0060D38C /* LSHomeViewController.m */,
				B1B7BF9C17340B4C0060D38C /* LSHomeViewController.xib */,
			);
			path = LockScreen;
			sourceTree = "<group>";
		};
		B1E7C0D5168A576000013CCB /* Supporting Files */ = {
			isa = PBXGroup;
			children = (
				B1E7C0DD168A576000013CCB /* LSAppDelegate.h */,
				B1E7C0DE168A576000013CCB /* LSAppDelegate.m */,
				B1E7C0D6168A576000013CCB /* LockScreen-Info.plist */,
				B1E7C0D7168A576000013CCB /* InfoPlist.strings */,
				B1E7C0DA168A576000013CCB /* main.m */,
				B1E7C0DC168A576000013CCB /* LockScreen-Prefix.pch */,
				B1E7C0E0168A576000013CCB /* Default.png */,
				B1E7C0E2168A576000013CCB /* Default@2x.png */,
				B1E7C0E4168A576000013CCB /* Default-568h@2x.png */,
			);
			name = "Supporting Files";
			sourceTree = "<group>";
		};
		B1E7C0EE168A577E00013CCB /* Model */ = {
			isa = PBXGroup;
			children = (
				B1E7C0F6168A59E200013CCB /* LSPassword.h */,
				B1E7C0F7168A59E200013CCB /* LSPassword.m */,
				B1E7C0EB168A577B00013CCB /* LSPasswordCharacter.h */,
				B1E7C0EC168A577B00013CCB /* LSPasswordCharacter.m */,
			);
			name = Model;
			sourceTree = "<group>";
		};
		B1E7C0F2168A57AB00013CCB /* Controllers */ = {
			isa = PBXGroup;
			children = (
				B1B7BFA117340EBD0060D38C /* LSPasswordPickerViewController.h */,
				B1B7BFA217340EBD0060D38C /* LSPasswordPickerViewController.m */,
				B1B7BFB2173424280060D38C /* LSPasswordPickerViewController.xib */,
				B16CE63F171F0F5A00976F97 /* LSLockScreenViewController.h */,
				B16CE640171F0F5A00976F97 /* LSLockScreenViewController.m */,
				B12746501732D7C7007BCCB6 /* LSLockScreenViewController.xib */,
			);
			name = Controllers;
			sourceTree = "<group>";
		};
		B1FB4F6C1720954B0056156A /* LSLockScreen */ = {
			isa = PBXGroup;
			children = (
				B1FB4F6D1720954B0056156A /* Supporting Files */,
			);
			path = LSLockScreen;
			sourceTree = "<group>";
		};
		B1FB4F6D1720954B0056156A /* Supporting Files */ = {
			isa = PBXGroup;
			children = (
				B1FB4F6E1720954B0056156A /* LSLockScreen-Prefix.pch */,
			);
			name = "Supporting Files";
			sourceTree = "<group>";
		};
/* End PBXGroup section */

/* Begin PBXNativeTarget section */
		B1E41889171783CD00B63C2D /* LSTest */ = {
			isa = PBXNativeTarget;
			buildConfigurationList = B1E41898171783CD00B63C2D /* Build configuration list for PBXNativeTarget "LSTest" */;
			buildPhases = (
				B1E41885171783CD00B63C2D /* Sources */,
				B1E41886171783CD00B63C2D /* Frameworks */,
				B1E41887171783CD00B63C2D /* Resources */,
				B1E41888171783CD00B63C2D /* ShellScript */,
			);
			buildRules = (
			);
			dependencies = (
			);
			name = LSTest;
			productName = LSTest;
			productReference = B1E4188A171783CD00B63C2D /* LSTest.octest */;
			productType = "com.apple.product-type.bundle";
		};
		B1E7C0C9168A576000013CCB /* LockScreen */ = {
			isa = PBXNativeTarget;
			buildConfigurationList = B1E7C0E8168A576000013CCB /* Build configuration list for PBXNativeTarget "LockScreen" */;
			buildPhases = (
				B1E7C0C6168A576000013CCB /* Sources */,
				B1E7C0C7168A576000013CCB /* Frameworks */,
				B1E7C0C8168A576000013CCB /* Resources */,
			);
			buildRules = (
			);
			dependencies = (
			);
			name = LockScreen;
			productName = LockScreen;
			productReference = B1E7C0CA168A576000013CCB /* LockScreen.app */;
			productType = "com.apple.product-type.application";
		};
/* End PBXNativeTarget section */

/* Begin PBXProject section */
		B1E7C0C1168A576000013CCB /* Project object */ = {
			isa = PBXProject;
			attributes = {
				CLASSPREFIX = LS;
				LastUpgradeCheck = 0450;
				ORGANIZATIONNAME = Turningdevelopment;
			};
			buildConfigurationList = B1E7C0C4168A576000013CCB /* Build configuration list for PBXProject "LockScreen" */;
			compatibilityVersion = "Xcode 3.2";
			developmentRegion = English;
			hasScannedForEncodings = 0;
			knownRegions = (
				en,
			);
			mainGroup = B1E7C0BF168A576000013CCB;
			productRefGroup = B1E7C0CB168A576000013CCB /* Products */;
			projectDirPath = "";
			projectRoot = "";
			targets = (
				B1E7C0C9168A576000013CCB /* LockScreen */,
				B1E41889171783CD00B63C2D /* LSTest */,
			);
		};
/* End PBXProject section */

/* Begin PBXResourcesBuildPhase section */
		B1E41887171783CD00B63C2D /* Resources */ = {
			isa = PBXResourcesBuildPhase;
			buildActionMask = 2147483647;
			files = (
				B1E41893171783CD00B63C2D /* InfoPlist.strings in Resources */,
				B12746521732D7C7007BCCB6 /* LSLockScreenViewController.xib in Resources */,
				B1B7BFA017340B4C0060D38C /* LSHomeViewController.xib in Resources */,
				B1B7BFAE173419890060D38C /* LSPasswordPickerCell.xib in Resources */,
				B1B7BFB4173424280060D38C /* LSPasswordPickerViewController.xib in Resources */,
				B1B7BFB7173434190060D38C /* color@2x.png in Resources */,
				B1B7BFBB1734345E0060D38C /* color.png in Resources */,
				B1B1E509173444E800DEB0E8 /* sizeMedium@2x.png in Resources */,
				B1B1E50B173444E800DEB0E8 /* sizeSmall@2x.png in Resources */,
				B1B1E50D173444E800DEB0E8 /* sizeNone@2x.png in Resources */,
				B1B1E50F173444E800DEB0E8 /* sizeLarge@2x.png in Resources */,
				B1B1E5141734456300DEB0E8 /* shapeCircle@2x.png in Resources */,
				B1B1E5161734456300DEB0E8 /* shapeSquare@2x.png in Resources */,
				B1B1E5181734456300DEB0E8 /* shapeTriangle@2x.png in Resources */,
				B1B1E51B173445E500DEB0E8 /* shapeNone@2x.png in Resources */,
			);
			runOnlyForDeploymentPostprocessing = 0;
		};
		B1E7C0C8168A576000013CCB /* Resources */ = {
			isa = PBXResourcesBuildPhase;
			buildActionMask = 2147483647;
			files = (
				B1E7C0D9168A576000013CCB /* InfoPlist.strings in Resources */,
				B1E7C0E1168A576000013CCB /* Default.png in Resources */,
				B1E7C0E3168A576000013CCB /* Default@2x.png in Resources */,
				B1E7C0E5168A576000013CCB /* Default-568h@2x.png in Resources */,
				B12746511732D7C7007BCCB6 /* LSLockScreenViewController.xib in Resources */,
				B1B7BF9F17340B4C0060D38C /* LSHomeViewController.xib in Resources */,
				B1B7BFAD173419890060D38C /* LSPasswordPickerCell.xib in Resources */,
				B1B7BFB3173424280060D38C /* LSPasswordPickerViewController.xib in Resources */,
				B1B7BFB6173434190060D38C /* color@2x.png in Resources */,
				B1B7BFBA1734345E0060D38C /* color.png in Resources */,
				B1B1E508173444E800DEB0E8 /* sizeMedium@2x.png in Resources */,
				B1B1E50A173444E800DEB0E8 /* sizeSmall@2x.png in Resources */,
				B1B1E50C173444E800DEB0E8 /* sizeNone@2x.png in Resources */,
				B1B1E50E173444E800DEB0E8 /* sizeLarge@2x.png in Resources */,
				B1B1E5131734456300DEB0E8 /* shapeCircle@2x.png in Resources */,
				B1B1E5151734456300DEB0E8 /* shapeSquare@2x.png in Resources */,
				B1B1E5171734456300DEB0E8 /* shapeTriangle@2x.png in Resources */,
				B1B1E51A173445E500DEB0E8 /* shapeNone@2x.png in Resources */,
			);
			runOnlyForDeploymentPostprocessing = 0;
		};
/* End PBXResourcesBuildPhase section */

/* Begin PBXShellScriptBuildPhase section */
		B1E41888171783CD00B63C2D /* ShellScript */ = {
			isa = PBXShellScriptBuildPhase;
			buildActionMask = 2147483647;
			files = (
			);
			inputPaths = (
			);
			outputPaths = (
			);
			runOnlyForDeploymentPostprocessing = 0;
			shellPath = /bin/sh;
			shellScript = "# Run the unit tests in this test bundle.\n\"${SYSTEM_DEVELOPER_DIR}/Tools/RunUnitTests\"\n";
		};
/* End PBXShellScriptBuildPhase section */

/* Begin PBXSourcesBuildPhase section */
		B1E41885171783CD00B63C2D /* Sources */ = {
			isa = PBXSourcesBuildPhase;
			buildActionMask = 2147483647;
			files = (
				B1E4189B1717842B00B63C2D /* LSPasswordCharacterTests.m in Sources */,
				B1E4189C1717843900B63C2D /* LSPasswordCharacter.m in Sources */,
				B1E4189D1717843C00B63C2D /* LSPassword.m in Sources */,
				B1E418A01717884800B63C2D /* LSPasswordTests.m in Sources */,
				B1E4192B1718774100B63C2D /* LSUtils.m in Sources */,
				B1E4192E1718779400B63C2D /* LSUtilsTest.m in Sources */,
				B16CE60F171EE9E600976F97 /* LSImageFactory.m in Sources */,
				B16CE642171F0F5A00976F97 /* LSLockScreenViewController.m in Sources */,
				B194DEE3171F976B00F6E633 /* LSDropZoneView.m in Sources */,
				B1B7BF9E17340B4C0060D38C /* LSHomeViewController.m in Sources */,
				B1B7BFA517340EBD0060D38C /* LSPasswordPickerViewController.m in Sources */,
				B1B7BFAB173419770060D38C /* LSPasswordPickerCell.m in Sources */,
			);
			runOnlyForDeploymentPostprocessing = 0;
		};
		B1E7C0C6168A576000013CCB /* Sources */ = {
			isa = PBXSourcesBuildPhase;
			buildActionMask = 2147483647;
			files = (
				B1E7C0DB168A576000013CCB /* main.m in Sources */,
				B1E7C0DF168A576000013CCB /* LSAppDelegate.m in Sources */,
				B1E7C0ED168A577B00013CCB /* LSPasswordCharacter.m in Sources */,
				B1E7C0F8168A59E200013CCB /* LSPassword.m in Sources */,
				B1E4192A1718774100B63C2D /* LSUtils.m in Sources */,
				B16CE60E171EE9E600976F97 /* LSImageFactory.m in Sources */,
				B16CE641171F0F5A00976F97 /* LSLockScreenViewController.m in Sources */,
				B194DEE2171F976B00F6E633 /* LSDropZoneView.m in Sources */,
				B1B7BF9D17340B4C0060D38C /* LSHomeViewController.m in Sources */,
				B1B7BFA417340EBD0060D38C /* LSPasswordPickerViewController.m in Sources */,
				B1B7BFAA173419770060D38C /* LSPasswordPickerCell.m in Sources */,
			);
			runOnlyForDeploymentPostprocessing = 0;
		};
/* End PBXSourcesBuildPhase section */

/* Begin PBXVariantGroup section */
		B1E41891171783CD00B63C2D /* InfoPlist.strings */ = {
			isa = PBXVariantGroup;
			children = (
				B1E41892171783CD00B63C2D /* en */,
			);
			name = InfoPlist.strings;
			sourceTree = "<group>";
		};
		B1E7C0D7168A576000013CCB /* InfoPlist.strings */ = {
			isa = PBXVariantGroup;
			children = (
				B1E7C0D8168A576000013CCB /* en */,
			);
			name = InfoPlist.strings;
			sourceTree = "<group>";
		};
/* End PBXVariantGroup section */

/* Begin XCBuildConfiguration section */
		B1E41899171783CD00B63C2D /* Debug */ = {
			isa = XCBuildConfiguration;
			buildSettings = {
				CLANG_WARN_CONSTANT_CONVERSION = YES;
				CLANG_WARN_ENUM_CONVERSION = YES;
				CLANG_WARN_INT_CONVERSION = YES;
				FRAMEWORK_SEARCH_PATHS = (
					"\"$(SDKROOT)/Developer/Library/Frameworks\"",
					"\"$(DEVELOPER_LIBRARY_DIR)/Frameworks\"",
				);
				GCC_PRECOMPILE_PREFIX_HEADER = YES;
				GCC_PREFIX_HEADER = "LSTest/LSTest-Prefix.pch";
				INFOPLIST_FILE = "LSTest/LSTest-Info.plist";
				IPHONEOS_DEPLOYMENT_TARGET = 6.1;
				ONLY_ACTIVE_ARCH = YES;
				PRODUCT_NAME = "$(TARGET_NAME)";
				TEST_AFTER_BUILD = YES;
				WRAPPER_EXTENSION = octest;
			};
			name = Debug;
		};
		B1E4189A171783CD00B63C2D /* Release */ = {
			isa = XCBuildConfiguration;
			buildSettings = {
				CLANG_WARN_CONSTANT_CONVERSION = YES;
				CLANG_WARN_ENUM_CONVERSION = YES;
				CLANG_WARN_INT_CONVERSION = YES;
				FRAMEWORK_SEARCH_PATHS = (
					"\"$(SDKROOT)/Developer/Library/Frameworks\"",
					"\"$(DEVELOPER_LIBRARY_DIR)/Frameworks\"",
				);
				GCC_PRECOMPILE_PREFIX_HEADER = YES;
				GCC_PREFIX_HEADER = "LSTest/LSTest-Prefix.pch";
				INFOPLIST_FILE = "LSTest/LSTest-Info.plist";
				IPHONEOS_DEPLOYMENT_TARGET = 6.1;
				PRODUCT_NAME = "$(TARGET_NAME)";
				TEST_AFTER_BUILD = YES;
				WRAPPER_EXTENSION = octest;
			};
			name = Release;
		};
		B1E7C0E6168A576000013CCB /* Debug */ = {
			isa = XCBuildConfiguration;
			buildSettings = {
				ALWAYS_SEARCH_USER_PATHS = NO;
				CLANG_CXX_LANGUAGE_STANDARD = "gnu++0x";
				CLANG_CXX_LIBRARY = "libc++";
				CLANG_ENABLE_OBJC_ARC = YES;
				CLANG_WARN_EMPTY_BODY = YES;
				CLANG_WARN__DUPLICATE_METHOD_MATCH = YES;
				"CODE_SIGN_IDENTITY[sdk=iphoneos*]" = "iPhone Developer";
				COPY_PHASE_STRIP = NO;
				GCC_C_LANGUAGE_STANDARD = gnu99;
				GCC_DYNAMIC_NO_PIC = NO;
				GCC_OPTIMIZATION_LEVEL = 0;
				GCC_PREPROCESSOR_DEFINITIONS = (
					"DEBUG=1",
					"$(inherited)",
				);
				GCC_SYMBOLS_PRIVATE_EXTERN = NO;
				GCC_WARN_ABOUT_RETURN_TYPE = YES;
				GCC_WARN_UNINITIALIZED_AUTOS = YES;
				GCC_WARN_UNUSED_VARIABLE = YES;
				IPHONEOS_DEPLOYMENT_TARGET = 6.0;
				SDKROOT = iphoneos;
			};
			name = Debug;
		};
		B1E7C0E7168A576000013CCB /* Release */ = {
			isa = XCBuildConfiguration;
			buildSettings = {
				ALWAYS_SEARCH_USER_PATHS = NO;
				CLANG_CXX_LANGUAGE_STANDARD = "gnu++0x";
				CLANG_CXX_LIBRARY = "libc++";
				CLANG_ENABLE_OBJC_ARC = YES;
				CLANG_WARN_EMPTY_BODY = YES;
				CLANG_WARN__DUPLICATE_METHOD_MATCH = YES;
				"CODE_SIGN_IDENTITY[sdk=iphoneos*]" = "iPhone Developer";
				COPY_PHASE_STRIP = YES;
				GCC_C_LANGUAGE_STANDARD = gnu99;
				GCC_WARN_ABOUT_RETURN_TYPE = YES;
				GCC_WARN_UNINITIALIZED_AUTOS = YES;
				GCC_WARN_UNUSED_VARIABLE = YES;
				IPHONEOS_DEPLOYMENT_TARGET = 6.0;
				OTHER_CFLAGS = "-DNS_BLOCK_ASSERTIONS=1";
				SDKROOT = iphoneos;
				VALIDATE_PRODUCT = YES;
			};
			name = Release;
		};
		B1E7C0E9168A576000013CCB /* Debug */ = {
			isa = XCBuildConfiguration;
			buildSettings = {
				FRAMEWORK_SEARCH_PATHS = (
					"$(inherited)",
					"\"$(SYSTEM_APPS_DIR)/Xcode.app/Contents/Developer/Library/Frameworks\"",
				);
				GCC_PRECOMPILE_PREFIX_HEADER = YES;
				GCC_PREFIX_HEADER = "LockScreen/LockScreen-Prefix.pch";
				INFOPLIST_FILE = "LockScreen/LockScreen-Info.plist";
				PRODUCT_NAME = "$(TARGET_NAME)";
				WRAPPER_EXTENSION = app;
			};
			name = Debug;
		};
		B1E7C0EA168A576000013CCB /* Release */ = {
			isa = XCBuildConfiguration;
			buildSettings = {
				FRAMEWORK_SEARCH_PATHS = (
					"$(inherited)",
					"\"$(SYSTEM_APPS_DIR)/Xcode.app/Contents/Developer/Library/Frameworks\"",
				);
				GCC_PRECOMPILE_PREFIX_HEADER = YES;
				GCC_PREFIX_HEADER = "LockScreen/LockScreen-Prefix.pch";
				INFOPLIST_FILE = "LockScreen/LockScreen-Info.plist";
				PRODUCT_NAME = "$(TARGET_NAME)";
				WRAPPER_EXTENSION = app;
			};
			name = Release;
		};
/* End XCBuildConfiguration section */

/* Begin XCConfigurationList section */
		B1E41898171783CD00B63C2D /* Build configuration list for PBXNativeTarget "LSTest" */ = {
			isa = XCConfigurationList;
			buildConfigurations = (
				B1E41899171783CD00B63C2D /* Debug */,
				B1E4189A171783CD00B63C2D /* Release */,
			);
			defaultConfigurationIsVisible = 0;
			defaultConfigurationName = Release;
		};
		B1E7C0C4168A576000013CCB /* Build configuration list for PBXProject "LockScreen" */ = {
			isa = XCConfigurationList;
			buildConfigurations = (
				B1E7C0E6168A576000013CCB /* Debug */,
				B1E7C0E7168A576000013CCB /* Release */,
			);
			defaultConfigurationIsVisible = 0;
			defaultConfigurationName = Release;
		};
		B1E7C0E8168A576000013CCB /* Build configuration list for PBXNativeTarget "LockScreen" */ = {
			isa = XCConfigurationList;
			buildConfigurations = (
				B1E7C0E9168A576000013CCB /* Debug */,
				B1E7C0EA168A576000013CCB /* Release */,
			);
			defaultConfigurationIsVisible = 0;
			defaultConfigurationName = Release;
		};
/* End XCConfigurationList section */
	};
	rootObject = B1E7C0C1168A576000013CCB /* Project object */;
}
